
Microsoft Visual Studio Solution File, Format Version 12.00
# Visual Studio 15
VisualStudioVersion = 15.0.27703.2042
MinimumVisualStudioVersion = 10.0.40219.1
Project("{F2A71F9B-5D33-465A-A702-920D77279786}") = "Malmacs", "Malmacs\Malmacs.fsproj", "{55D771E6-B85F-45E4-B630-AF56D9399E58}"
EndProject
Project("{FAE04EC0-301F-11D3-BF4B-00C04F79EFBC}") = "FsMiniMAL.PrinterTest", "FsMiniMAL.PrinterTest\FsMiniMAL.PrinterTest.csproj", "{A86FB13C-933F-4C41-AC72-322C1422714A}"
EndProject
Project("{F2A71F9B-5D33-465A-A702-920D77279786}") = "FsMiniMAL", "FsMiniMAL\FsMiniMAL.fsproj", "{96DE1FEC-1AD1-43AC-A234-215606F33FFF}"
EndProject
Project("{F2A71F9B-5D33-465A-A702-920D77279786}") = "FsMiniMAL.Console", "FsMiniMAL.Console\FsMiniMAL.Console.fsproj", "{EA3DC2B1-7F09-41BB-9A3F-8CAC6A63B14C}"
EndProject
Project("{F2A71F9B-5D33-465A-A702-920D77279786}") = "FsMiniMAL.MemCal", "FsMiniMAL.MemCal\FsMiniMAL.MemCal.fsproj", "{26A1D5B9-FE07-4FB0-A76C-5558AC6058AF}"
EndProject
Project("{F2A71F9B-5D33-465A-A702-920D77279786}") = "FsMiniMAL.Perf", "FsMiniMAL.Perf\FsMiniMAL.Perf.fsproj", "{0DAB4221-2C71-44A8-A207-F94D1AAFF48E}"
EndProject
Project("{F2A71F9B-5D33-465A-A702-920D77279786}") = "FsMiniMAL.Test", "FsMiniMAL.Test\FsMiniMAL.Test.fsproj", "{635A3839-B34B-473F-BEEB-B614413C7083}"
EndProject
Project("{F2A71F9B-5D33-465A-A702-920D77279786}") = "FsMiniMAL.TypechkPerf", "FsMiniMAL.TypechkPerf\FsMiniMAL.TypechkPerf.fsproj", "{0CB734E8-1D14-4A29-93C9-EE782A3CC5D5}"
EndProject
Global
	GlobalSection(SolutionConfigurationPlatforms) = preSolution
		Debug|Any CPU = Debug|Any CPU
		Release|Any CPU = Release|Any CPU
	EndGlobalSection
	GlobalSection(ProjectConfigurationPlatforms) = postSolution
		{55D771E6-B85F-45E4-B630-AF56D9399E58}.Debug|Any CPU.ActiveCfg = Debug|Any CPU
		{55D771E6-B85F-45E4-B630-AF56D9399E58}.Debug|Any CPU.Build.0 = Debug|Any CPU
		{55D771E6-B85F-45E4-B630-AF56D9399E58}.Release|Any CPU.ActiveCfg = Release|Any CPU
		{55D771E6-B85F-45E4-B630-AF56D9399E58}.Release|Any CPU.Build.0 = Release|Any CPU
		{A86FB13C-933F-4C41-AC72-322C1422714A}.Debug|Any CPU.ActiveCfg = Debug|Any CPU
		{A86FB13C-933F-4C41-AC72-322C1422714A}.Debug|Any CPU.Build.0 = Debug|Any CPU
		{A86FB13C-933F-4C41-AC72-322C1422714A}.Release|Any CPU.ActiveCfg = Release|Any CPU
		{A86FB13C-933F-4C41-AC72-322C1422714A}.Release|Any CPU.Build.0 = Release|Any CPU
		{96DE1FEC-1AD1-43AC-A234-215606F33FFF}.Debug|Any CPU.ActiveCfg = Debug|Any CPU
		{96DE1FEC-1AD1-43AC-A234-215606F33FFF}.Debug|Any CPU.Build.0 = Debug|Any CPU
		{96DE1FEC-1AD1-43AC-A234-215606F33FFF}.Release|Any CPU.ActiveCfg = Release|Any CPU
		{96DE1FEC-1AD1-43AC-A234-215606F33FFF}.Release|Any CPU.Build.0 = Release|Any CPU
		{EA3DC2B1-7F09-41BB-9A3F-8CAC6A63B14C}.Debug|Any CPU.ActiveCfg = Debug|Any CPU
		{EA3DC2B1-7F09-41BB-9A3F-8CAC6A63B14C}.Debug|Any CPU.Build.0 = Debug|Any CPU
		{EA3DC2B1-7F09-41BB-9A3F-8CAC6A63B14C}.Release|Any CPU.ActiveCfg = Release|Any CPU
		{EA3DC2B1-7F09-41BB-9A3F-8CAC6A63B14C}.Release|Any CPU.Build.0 = Release|Any CPU
		{26A1D5B9-FE07-4FB0-A76C-5558AC6058AF}.Debug|Any CPU.ActiveCfg = Debug|Any CPU
		{26A1D5B9-FE07-4FB0-A76C-5558AC6058AF}.Debug|Any CPU.Build.0 = Debug|Any CPU
		{26A1D5B9-FE07-4FB0-A76C-5558AC6058AF}.Release|Any CPU.ActiveCfg = Release|Any CPU
		{26A1D5B9-FE07-4FB0-A76C-5558AC6058AF}.Release|Any CPU.Build.0 = Release|Any CPU
		{0DAB4221-2C71-44A8-A207-F94D1AAFF48E}.Debug|Any CPU.ActiveCfg = Debug|Any CPU
		{0DAB4221-2C71-44A8-A207-F94D1AAFF48E}.Debug|Any CPU.Build.0 = Debug|Any CPU
		{0DAB4221-2C71-44A8-A207-F94D1AAFF48E}.Release|Any CPU.ActiveCfg = Release|Any CPU
		{0DAB4221-2C71-44A8-A207-F94D1AAFF48E}.Release|Any CPU.Build.0 = Release|Any CPU
		{635A3839-B34B-473F-BEEB-B614413C7083}.Debug|Any CPU.ActiveCfg = Debug|Any CPU
		{635A3839-B34B-473F-BEEB-B614413C7083}.Debug|Any CPU.Build.0 = Debug|Any CPU
		{635A3839-B34B-473F-BEEB-B614413C7083}.Release|Any CPU.ActiveCfg = Release|Any CPU
		{635A3839-B34B-473F-BEEB-B614413C7083}.Release|Any CPU.Build.0 = Release|Any CPU
		{0CB734E8-1D14-4A29-93C9-EE782A3CC5D5}.Debug|Any CPU.ActiveCfg = Debug|Any CPU
		{0CB734E8-1D14-4A29-93C9-EE782A3CC5D5}.Debug|Any CPU.Build.0 = Debug|Any CPU
		{0CB734E8-1D14-4A29-93C9-EE782A3CC5D5}.Release|Any CPU.ActiveCfg = Release|Any CPU
		{0CB734E8-1D14-4A29-93C9-EE782A3CC5D5}.Release|Any CPU.Build.0 = Release|Any CPU
	EndGlobalSection
	GlobalSection(SolutionProperties) = preSolution
		HideSolutionNode = FALSE
	EndGlobalSection
	GlobalSection(ExtensibilityGlobals) = postSolution
		SolutionGuid = {F3F2C586-85FF-4B76-8205-206A4AA0F16A}
	EndGlobalSection
EndGlobal
